
Microsoft Visual Studio Solution File, Format Version 12.00
# Visual Studio Version 16
VisualStudioVersion = 16.0.30320.27
MinimumVisualStudioVersion = 10.0.40219.1
Project("{8BC9CEB8-8B4A-11D0-8D11-00A0C91BC942}") = "winsockclient", "winsockclient\winsockclient.vcxproj", "{3B315398-8174-494A-A2BB-2566C19E22EA}"
EndProject
Global
	GlobalSection(SolutionConfigurationPlatforms) = preSolution
		Debug|x64 = Debug|x64
		Debug|x86 = Debug|x86
		Release|x64 = Release|x64
		Release|x86 = Release|x86
	EndGlobalSection
	GlobalSection(ProjectConfigurationPlatforms) = postSolution
		{3B315398-8174-494A-A2BB-2566C19E22EA}.Debug|x64.ActiveCfg = Debug|x64
		{3B315398-8174-494A-A2BB-2566C19E22EA}.Debug|x64.Build.0 = Debug|x64
		{3B315398-8174-494A-A2BB-2566C19E22EA}.Debug|x86.ActiveCfg = Debug|Win32
		{3B315398-8174-494A-A2BB-2566C19E22EA}.Debug|x86.Build.0 = Debug|Win32
		{3B315398-8174-494A-A2BB-2566C19E22EA}.Release|x64.ActiveCfg = Release|x64
		{3B315398-8174-494A-A2BB-2566C19E22EA}.Release|x64.Build.0 = Release|x64
		{3B315398-8174-494A-A2BB-2566C19E22EA}.Release|x86.ActiveCfg = Release|Win32
		{3B315398-8174-494A-A2BB-2566C19E22EA}.Release|x86.Build.0 = Release|Win32
	EndGlobalSection
	GlobalSection(SolutionProperties) = preSolution
		HideSolutionNode = FALSE
	EndGlobalSection
	GlobalSection(ExtensibilityGlobals) = postSolution
		SolutionGuid = {D4CF9C98-9C51-40F2-9A2D-4D72DF786825}
	EndGlobalSection
EndGlobal
